
Microsoft Visual Studio Solution File, Format Version 12.00
# Visual Studio Version 16
VisualStudioVersion = 16.0.30320.27
MinimumVisualStudioVersion = 10.0.40219.1
Project("{FAE04EC0-301F-11D3-BF4B-00C04F79EFBC}") = "My_Desktop_Cleaner", "My_Desktop_Cleaner\My_Desktop_Cleaner.csproj", "{5C289A0E-9B83-4330-A9F7-6085533E4969}"
EndProject
Global
	GlobalSection(SolutionConfigurationPlatforms) = preSolution
		Debug|Any CPU = Debug|Any CPU
		Release|Any CPU = Release|Any CPU
	EndGlobalSection
	GlobalSection(ProjectConfigurationPlatforms) = postSolution
		{5C289A0E-9B83-4330-A9F7-6085533E4969}.Debug|Any CPU.ActiveCfg = Debug|Any CPU
		{5C289A0E-9B83-4330-A9F7-6085533E4969}.Debug|Any CPU.Build.0 = Debug|Any CPU
		{5C289A0E-9B83-4330-A9F7-6085533E4969}.Release|Any CPU.ActiveCfg = Release|Any CPU
		{5C289A0E-9B83-4330-A9F7-6085533E4969}.Release|Any CPU.Build.0 = Release|Any CPU
	EndGlobalSection
	GlobalSection(SolutionProperties) = preSolution
		HideSolutionNode = FALSE
	EndGlobalSection
	GlobalSection(ExtensibilityGlobals) = postSolution
		SolutionGuid = {6FD142EC-B857-4ABA-A84B-E13F9112FD6A}
	EndGlobalSection
EndGlobal
